Microsoft Visual Studio Solution File, Format Version 11.00
# Visual Studio 2008

Project("{6FF33582-BB37-0454-5BCF-1F3C40E46DC6}") = "SupaTwinStick", "Assembly-CSharp.csproj", "{363A40D9-084C-2A6B-303E-40B501C560BC}"
EndProject
Project("{6FF33582-BB37-0454-5BCF-1F3C40E46DC6}") = "SupaTwinStick", "Assembly-CSharp-Editor.csproj", "{B32E5FBF-990E-5619-976B-CBF4808ACAAD}"
EndProject
Global
	GlobalSection(SolutionConfigurationPlatforms) = preSolution
		Debug|Any CPU = Debug|Any CPU
		Release|Any CPU = Release|Any CPU
	EndGlobalSection
	GlobalSection(ProjectConfigurationPlatforms) = postSolution
		{363A40D9-084C-2A6B-303E-40B501C560BC}.Debug|Any CPU.ActiveCfg = Debug|Any CPU
		{363A40D9-084C-2A6B-303E-40B501C560BC}.Debug|Any CPU.Build.0 = Debug|Any CPU
		{363A40D9-084C-2A6B-303E-40B501C560BC}.Release|Any CPU.ActiveCfg = Release|Any CPU
		{363A40D9-084C-2A6B-303E-40B501C560BC}.Release|Any CPU.Build.0 = Release|Any CPU
		{B32E5FBF-990E-5619-976B-CBF4808ACAAD}.Debug|Any CPU.ActiveCfg = Debug|Any CPU
		{B32E5FBF-990E-5619-976B-CBF4808ACAAD}.Debug|Any CPU.Build.0 = Debug|Any CPU
		{B32E5FBF-990E-5619-976B-CBF4808ACAAD}.Release|Any CPU.ActiveCfg = Release|Any CPU
		{B32E5FBF-990E-5619-976B-CBF4808ACAAD}.Release|Any CPU.Build.0 = Release|Any CPU
	EndGlobalSection
	GlobalSection(SolutionProperties) = preSolution
		HideSolutionNode = FALSE
	EndGlobalSection
	GlobalSection(MonoDevelopProperties) = preSolution
		StartupItem = Assembly-CSharp.csproj
	EndGlobalSection
EndGlobal
